Microsoft Visual Studio Solution File, Format Version 12.00
# Visual Studio Version 17
Project("{8BC9CEB8-8B4A-11D0-8D11-00A0C91BC942}") = "XMiLibGuiTest", "Test/XMiLibGuiTest/XMiLibGuiTest.vcxproj", "{87D93EFE-0136-305D-A07D-5F5AACC7F54F}"
	ProjectSection(ProjectDependencies) = postProject
		{9AB1F95D-AAAF-39E0-B079-B965D43A66BF} = {9AB1F95D-AAAF-39E0-B079-B965D43A66BF}
	EndProjectSection
EndProject
Project("{8BC9CEB8-8B4A-11D0-8D11-00A0C91BC942}") = "XMiLibTest", "Test/XMiLibTest/XMiLibTest.vcxproj", "{760CFBFB-EAF9-3DEE-A898-F2AE16F5DAD2}"
	ProjectSection(ProjectDependencies) = postProject
		{9AB1F95D-AAAF-39E0-B079-B965D43A66BF} = {9AB1F95D-AAAF-39E0-B079-B965D43A66BF}
	EndProjectSection
EndProject
Project("{8BC9CEB8-8B4A-11D0-8D11-00A0C91BC942}") = "XMiLib", "XMiLib/XMiLib.vcxproj", "{9AB1F95D-AAAF-39E0-B079-B965D43A66BF}"
EndProject
Global
	GlobalSection(SolutionConfigurationPlatforms) = preSolution
		Debug|x64 = Debug|x64
		Release|x64 = Release|x64
	EndGlobalSection
	GlobalSection(ProjectConfigurationPlatforms) = postSolution
		{87D93EFE-0136-305D-A07D-5F5AACC7F54F}.Debug|x64.ActiveCfg = Debug|x64
		{87D93EFE-0136-305D-A07D-5F5AACC7F54F}.Debug|x64.Build.0 = Debug|x64
		{87D93EFE-0136-305D-A07D-5F5AACC7F54F}.Release|x64.ActiveCfg = Release|x64
		{87D93EFE-0136-305D-A07D-5F5AACC7F54F}.Release|x64.Build.0 = Release|x64
		{760CFBFB-EAF9-3DEE-A898-F2AE16F5DAD2}.Debug|x64.ActiveCfg = Debug|x64
		{760CFBFB-EAF9-3DEE-A898-F2AE16F5DAD2}.Debug|x64.Build.0 = Debug|x64
		{760CFBFB-EAF9-3DEE-A898-F2AE16F5DAD2}.Release|x64.ActiveCfg = Release|x64
		{760CFBFB-EAF9-3DEE-A898-F2AE16F5DAD2}.Release|x64.Build.0 = Release|x64
		{9AB1F95D-AAAF-39E0-B079-B965D43A66BF}.Debug|x64.ActiveCfg = Debug|x64
		{9AB1F95D-AAAF-39E0-B079-B965D43A66BF}.Debug|x64.Build.0 = Debug|x64
		{9AB1F95D-AAAF-39E0-B079-B965D43A66BF}.Release|x64.ActiveCfg = Release|x64
		{9AB1F95D-AAAF-39E0-B079-B965D43A66BF}.Release|x64.Build.0 = Release|x64
	EndGlobalSection
	GlobalSection(ExtensibilityGlobals) = postSolution
	EndGlobalSection
	GlobalSection(ExtensibilityAddIns) = postSolution
	EndGlobalSection
EndGlobal
